# THIS IS AN AUTOGENERATED FILE. DO NOT EDIT THIS FILE DIRECTLY.
# yarn lockfile v1


"@hotwired/turbo-rails@^7.0.0-rc.1":
  version "7.0.0-rc.1"
  resolved "https://registry.yarnpkg.com/@hotwired/turbo-rails/-/turbo-rails-7.0.0-rc.1.tgz#68cc07b2a1e7d9b29240c525c657722b3f0c3842"
  integrity sha512-LLOgtHWb/cnz0bXlfJ9khWHapQuCOuUI48yiSVgL3veklvbX1vyQlk/ALn35Z6nHTi7Bf+MHMS9H5W2c/vwKuw==
  dependencies:
    "@hotwired/turbo" "^7.0.0-rc.1"
    "@rails/actioncable" "^6.0.0"

"@hotwired/turbo@^7.0.0-rc.1":
  version "7.0.0-rc.1"
  resolved "https://registry.yarnpkg.com/@hotwired/turbo/-/turbo-7.0.0-rc.1.tgz#a5c1be86def1cc39b3011c935c5734b8632af5c3"
  integrity sha512-niNA68ku4TZYbV3biwTPf1L5CidP50S2xfeb5rGQfodvPB9UAtkqKFFRIA0LL8y0DG4MGIZ/QFlbvlmFea5p4w==

"@rails/actioncable@^6.0.0":
  version "6.1.3"
  resolved "https://registry.yarnpkg.com/@rails/actioncable/-/actioncable-6.1.3.tgz#c8a67ec4d22ecd6931f7ebd98143fddbc815419a"
  integrity sha512-m02524MR9cTnUNfGz39Lkx9jVvuL0tle4O7YgvouJ7H83FILxzG1nQ5jw8pAjLAr9XQGu+P1sY4SKE3zyhCNjw==

"@rails/webpacker@file:../../../..":
  version "7.0.0-rc.1"
  dependencies:
    "@hotwired/turbo" "^7.0.0-rc.1"
    "@rails/actioncable" "^6.0.0"
